// !$*UTF8*$!
{
	archiveVersion = 1;
	classes = {
	};
	objectVersion = 50;
	objects = {

/* Begin PBXBuildFile section */
		B231CCEC252537D600EA4DBD /* AppDelegate.swift in Sources */ = {isa = PBXBuildFile; fileRef = B231CCEB252537D600EA4DBD /* AppDelegate.swift */; };
		B231CCEE252537D600EA4DBD /* SceneDelegate.swift in Sources */ = {isa = PBXBuildFile; fileRef = B231CCED252537D600EA4DBD /* SceneDelegate.swift */; };
		B231CCF0252537D600EA4DBD /* ViewController.swift in Sources */ = {isa = PBXBuildFile; fileRef = B231CCEF252537D600EA4DBD /* ViewController.swift */; };
		B231CCF3252537D600EA4DBD /* Main.storyboard in Resources */ = {isa = PBXBuildFile; fileRef = B231CCF1252537D600EA4DBD /* Main.storyboard */; };
		B231CCF5252537D900EA4DBD /* Assets.xcassets in Resources */ = {isa = PBXBuildFile; fileRef = B231CCF4252537D900EA4DBD /* Assets.xcassets */; };
		B231CCF8252537D900EA4DBD /* LaunchScreen.storyboard in Resources */ = {isa = PBXBuildFile; fileRef = B231CCF6252537D900EA4DBD /* LaunchScreen.storyboard */; };
		B231CD03252537D900EA4DBD /* StopLightTests.swift in Sources */ = {isa = PBXBuildFile; fileRef = B231CD02252537D900EA4DBD /* StopLightTests.swift */; };
		B231CD0E252537D900EA4DBD /* StopLightUITests.swift in Sources */ = {isa = PBXBuildFile; fileRef = B231CD0D252537D900EA4DBD /* StopLightUITests.swift */; };
		B2B443A4252BF25600E2A774 /* RoundedLight.swift in Sources */ = {isa = PBXBuildFile; fileRef = B2B443A3252BF25600E2A774 /* RoundedLight.swift */; };
/* End PBXBuildFile section */

/* Begin PBXContainerItemProxy section */
		B231CCFF252537D900EA4DBD /* PBXContainerItemProxy */ = {
			isa = PBXContainerItemProxy;
			containerPortal = B231CCE0252537D600EA4DBD /* Project object */;
			proxyType = 1;
			remoteGlobalIDString = B231CCE7252537D600EA4DBD;
			remoteInfo = StopLight;
		};
		B231CD0A252537D900EA4DBD /* PBXContainerItemProxy */ = {
			isa = PBXContainerItemProxy;
			containerPortal = B231CCE0252537D600EA4DBD /* Project object */;
			proxyType = 1;
			remoteGlobalIDString = B231CCE7252537D600EA4DBD;
			remoteInfo = StopLight;
		};
/* End PBXContainerItemProxy section */

/* Begin PBXFileReference section */
		B231CCE8252537D600EA4DBD /* StopLight.app */ = {isa = PBXFileReference; explicitFileType = wrapper.application; includeInIndex = 0; path = StopLight.app; sourceTree = BUILT_PRODUCTS_DIR; };
		B231CCEB252537D600EA4DBD /* AppDelegate.swift */ = {isa = PBXFileReference; lastKnownFileType = sourcecode.swift; path = AppDelegate.swift; sourceTree = "<group>"; };
		B231CCED252537D600EA4DBD /* SceneDelegate.swift */ = {isa = PBXFileReference; lastKnownFileType = sourcecode.swift; path = SceneDelegate.swift; sourceTree = "<group>"; };
		B231CCEF252537D600EA4DBD /* ViewController.swift */ = {isa = PBXFileReference; lastKnownFileType = sourcecode.swift; path = ViewController.swift; sourceTree = "<group>"; };
		B231CCF2252537D600EA4DBD /* Base */ = {isa = PBXFileReference; lastKnownFileType = file.storyboard; name = Base; path = Base.lproj/Main.storyboard; sourceTree = "<group>"; };
		B231CCF4252537D900EA4DBD /* Assets.xcassets */ = {isa = PBXFileReference; lastKnownFileType = folder.assetcatalog; path = Assets.xcassets; sourceTree = "<group>"; };
		B231CCF7252537D900EA4DBD /* Base */ = {isa = PBXFileReference; lastKnownFileType = file.storyboard; name = Base; path = Base.lproj/LaunchScreen.storyboard; sourceTree = "<group>"; };
		B231CCF9252537D900EA4DBD /* Info.plist */ = {isa = PBXFileReference; lastKnownFileType = text.plist.xml; path = Info.plist; sourceTree = "<group>"; };
		B231CCFE252537D900EA4DBD /* StopLightTests.xctest */ = {isa = PBXFileReference; explicitFileType = wrapper.cfbundle; includeInIndex = 0; path = StopLightTests.xctest; sourceTree = BUILT_PRODUCTS_DIR; };
		B231CD02252537D900EA4DBD /* StopLightTests.swift */ = {isa = PBXFileReference; lastKnownFileType = sourcecode.swift; path = StopLightTests.swift; sourceTree = "<group>"; };
		B231CD04252537D900EA4DBD /* Info.plist */ = {isa = PBXFileReference; lastKnownFileType = text.plist.xml; path = Info.plist; sourceTree = "<group>"; };
		B231CD09252537D900EA4DBD /* StopLightUITests.xctest */ = {isa = PBXFileReference; explicitFileType = wrapper.cfbundle; includeInIndex = 0; path = StopLightUITests.xctest; sourceTree = BUILT_PRODUCTS_DIR; };
		B231CD0D252537D900EA4DBD /* StopLightUITests.swift */ = {isa = PBXFileReference; lastKnownFileType = sourcecode.swift; path = StopLightUITests.swift; sourceTree = "<group>"; };
		B231CD0F252537D900EA4DBD /* Info.plist */ = {isa = PBXFileReference; lastKnownFileType = text.plist.xml; path = Info.plist; sourceTree = "<group>"; };
		B2B443A3252BF25600E2A774 /* RoundedLight.swift */ = {isa = PBXFileReference; lastKnownFileType = sourcecode.swift; path = RoundedLight.swift; sourceTree = "<group>"; };
/* End PBXFileReference section */

/* Begin PBXFrameworksBuildPhase section */
		B231CCE5252537D600EA4DBD /* Frameworks */ = {
			isa = PBXFrameworksBuildPhase;
			buildActionMask = 2147483647;
			files = (
			);
			runOnlyForDeploymentPostprocessing = 0;
		};
		B231CCFB252537D900EA4DBD /* Frameworks */ = {
			isa = PBXFrameworksBuildPhase;
			buildActionMask = 2147483647;
			files = (
			);
			runOnlyForDeploymentPostprocessing = 0;
		};
		B231CD06252537D900EA4DBD /* Frameworks */ = {
			isa = PBXFrameworksBuildPhase;
			buildActionMask = 2147483647;
			files = (
			);
			runOnlyForDeploymentPostprocessing = 0;
		};
/* End PBXFrameworksBuildPhase section */

/* Begin PBXGroup section */
		B231CCDF252537D600EA4DBD = {
			isa = PBXGroup;
			children = (
				B231CCEA252537D600EA4DBD /* StopLight */,
				B231CD01252537D900EA4DBD /* StopLightTests */,
				B231CD0C252537D900EA4DBD /* StopLightUITests */,
				B231CCE9252537D600EA4DBD /* Products */,
			);
			sourceTree = "<group>";
		};
		B231CCE9252537D600EA4DBD /* Products */ = {
			isa = PBXGroup;
			children = (
				B231CCE8252537D600EA4DBD /* StopLight.app */,
				B231CCFE252537D900EA4DBD /* StopLightTests.xctest */,
				B231CD09252537D900EA4DBD /* StopLightUITests.xctest */,
			);
			name = Products;
			sourceTree = "<group>";
		};
		B231CCEA252537D600EA4DBD /* StopLight */ = {
			isa = PBXGroup;
			children = (
				B231CCEB252537D600EA4DBD /* AppDelegate.swift */,
				B231CCED252537D600EA4DBD /* SceneDelegate.swift */,
				B231CCEF252537D600EA4DBD /* ViewController.swift */,
				B2B443A3252BF25600E2A774 /* RoundedLight.swift */,
				B231CCF1252537D600EA4DBD /* Main.storyboard */,
				B231CCF4252537D900EA4DBD /* Assets.xcassets */,
				B231CCF6252537D900EA4DBD /* LaunchScreen.storyboard */,
				B231CCF9252537D900EA4DBD /* Info.plist */,
			);
			path = StopLight;
			sourceTree = "<group>";
		};
		B231CD01252537D900EA4DBD /* StopLightTests */ = {
			isa = PBXGroup;
			children = (
				B231CD02252537D900EA4DBD /* StopLightTests.swift */,
				B231CD04252537D900EA4DBD /* Info.plist */,
			);
			path = StopLightTests;
			sourceTree = "<group>";
		};
		B231CD0C252537D900EA4DBD /* StopLightUITests */ = {
			isa = PBXGroup;
			children = (
				B231CD0D252537D900EA4DBD /* StopLightUITests.swift */,
				B231CD0F252537D900EA4DBD /* Info.plist */,
			);
			path = StopLightUITests;
			sourceTree = "<group>";
		};
/* End PBXGroup section */

/* Begin PBXNativeTarget section */
		B231CCE7252537D600EA4DBD /* StopLight */ = {
			isa = PBXNativeTarget;
			buildConfigurationList = B231CD12252537D900EA4DBD /* Build configuration list for PBXNativeTarget "StopLight" */;
			buildPhases = (
				B231CCE4252537D600EA4DBD /* Sources */,
				B231CCE5252537D600EA4DBD /* Frameworks */,
				B231CCE6252537D600EA4DBD /* Resources */,
			);
			buildRules = (
			);
			dependencies = (
			);
			name = StopLight;
			productName = StopLight;
			productReference = B231CCE8252537D600EA4DBD /* StopLight.app */;
			productType = "com.apple.product-type.application";
		};
		B231CCFD252537D900EA4DBD /* StopLightTests */ = {
			isa = PBXNativeTarget;
			buildConfigurationList = B231CD15252537D900EA4DBD /* Build configuration list for PBXNativeTarget "StopLightTests" */;
			buildPhases = (
				B231CCFA252537D900EA4DBD /* Sources */,
				B231CCFB252537D900EA4DBD /* Frameworks */,
				B231CCFC252537D900EA4DBD /* Resources */,
			);
			buildRules = (
			);
			dependencies = (
				B231CD00252537D900EA4DBD /* PBXTargetDependency */,
			);
			name = StopLightTests;
			productName = StopLightTests;
			productReference = B231CCFE252537D900EA4DBD /* StopLightTests.xctest */;
			productType = "com.apple.product-type.bundle.unit-test";
		};
		B231CD08252537D900EA4DBD /* StopLightUITests */ = {
			isa = PBXNativeTarget;
			buildConfigurationList = B231CD18252537D900EA4DBD /* Build configuration list for PBXNativeTarget "StopLightUITests" */;
			buildPhases = (
				B231CD05252537D900EA4DBD /* Sources */,
				B231CD06252537D900EA4DBD /* Frameworks */,
				B231CD07252537D900EA4DBD /* Resources */,
			);
			buildRules = (
			);
			dependencies = (
				B231CD0B252537D900EA4DBD /* PBXTargetDependency */,
			);
			name = StopLightUITests;
			productName = StopLightUITests;
			productReference = B231CD09252537D900EA4DBD /* StopLightUITests.xctest */;
			productType = "com.apple.product-type.bundle.ui-testing";
		};
/* End PBXNativeTarget section */

/* Begin PBXProject section */
		B231CCE0252537D600EA4DBD /* Project object */ = {
			isa = PBXProject;
			attributes = {
				LastSwiftUpdateCheck = 1170;
				LastUpgradeCheck = 1170;
				ORGANIZATIONNAME = sf;
				TargetAttributes = {
					B231CCE7252537D600EA4DBD = {
						CreatedOnToolsVersion = 11.7;
					};
					B231CCFD252537D900EA4DBD = {
						CreatedOnToolsVersion = 11.7;
						TestTargetID = B231CCE7252537D600EA4DBD;
					};
					B231CD08252537D900EA4DBD = {
						CreatedOnToolsVersion = 11.7;
						TestTargetID = B231CCE7252537D600EA4DBD;
					};
				};
			};
			buildConfigurationList = B231CCE3252537D600EA4DBD /* Build configuration list for PBXProject "StopLight" */;
			compatibilityVersion = "Xcode 9.3";
			developmentRegion = en;
			hasScannedForEncodings = 0;
			knownRegions = (
				en,
				Base,
			);
			mainGroup = B231CCDF252537D600EA4DBD;
			productRefGroup = B231CCE9252537D600EA4DBD /* Products */;
			projectDirPath = "";
			projectRoot = "";
			targets = (
				B231CCE7252537D600EA4DBD /* StopLight */,
				B231CCFD252537D900EA4DBD /* StopLightTests */,
				B231CD08252537D900EA4DBD /* StopLightUITests */,
			);
		};
/* End PBXProject section */

/* Begin PBXResourcesBuildPhase section */
		B231CCE6252537D600EA4DBD /* Resources */ = {
			isa = PBXResourcesBuildPhase;
			buildActionMask = 2147483647;
			files = (
				B231CCF8252537D900EA4DBD /* LaunchScreen.storyboard in Resources */,
				B231CCF5252537D900EA4DBD /* Assets.xcassets in Resources */,
				B231CCF3252537D600EA4DBD /* Main.storyboard in Resources */,
			);
			runOnlyForDeploymentPostprocessing = 0;
		};
		B231CCFC252537D900EA4DBD /* Resources */ = {
			isa = PBXResourcesBuildPhase;
			buildActionMask = 2147483647;
			files = (
			);
			runOnlyForDeploymentPostprocessing = 0;
		};
		B231CD07252537D900EA4DBD /* Resources */ = {
			isa = PBXResourcesBuildPhase;
			buildActionMask = 2147483647;
			files = (
			);
			runOnlyForDeploymentPostprocessing = 0;
		};
/* End PBXResourcesBuildPhase section */

/* Begin PBXSourcesBuildPhase section */
		B231CCE4252537D600EA4DBD /* Sources */ = {
			isa = PBXSourcesBuildPhase;
			buildActionMask = 2147483647;
			files = (
				B231CCF0252537D600EA4DBD /* ViewController.swift in Sources */,
				B231CCEC252537D600EA4DBD /* AppDelegate.swift in Sources */,
				B2B443A4252BF25600E2A774 /* RoundedLight.swift in Sources */,
				B231CCEE252537D600EA4DBD /* SceneDelegate.swift in Sources */,
			);
			runOnlyForDeploymentPostprocessing = 0;
		};
		B231CCFA252537D900EA4DBD /* Sources */ = {
			isa = PBXSourcesBuildPhase;
			buildActionMask = 2147483647;
			files = (
				B231CD03252537D900EA4DBD /* StopLightTests.swift in Sources */,
			);
			runOnlyForDeploymentPostprocessing = 0;
		};
		B231CD05252537D900EA4DBD /* Sources */ = {
			isa = PBXSourcesBuildPhase;
			buildActionMask = 2147483647;
			files = (
				B231CD0E252537D900EA4DBD /* StopLightUITests.swift in Sources */,
			);
			runOnlyForDeploymentPostprocessing = 0;
		};
/* End PBXSourcesBuildPhase section */

/* Begin PBXTargetDependency section */
		B231CD00252537D900EA4DBD /* PBXTargetDependency */ = {
			isa = PBXTargetDependency;
			target = B231CCE7252537D600EA4DBD /* StopLight */;
			targetProxy = B231CCFF252537D900EA4DBD /* PBXContainerItemProxy */;
		};
		B231CD0B252537D900EA4DBD /* PBXTargetDependency */ = {
			isa = PBXTargetDependency;
			target = B231CCE7252537D600EA4DBD /* StopLight */;
			targetProxy = B231CD0A252537D900EA4DBD /* PBXContainerItemProxy */;
		};
/* End PBXTargetDependency section */

/* Begin PBXVariantGroup section */
		B231CCF1252537D600EA4DBD /* Main.storyboard */ = {
			isa = PBXVariantGroup;
			children = (
				B231CCF2252537D600EA4DBD /* Base */,
			);
			name = Main.storyboard;
			sourceTree = "<group>";
		};
		B231CCF6252537D900EA4DBD /* LaunchScreen.storyboard */ = {
			isa = PBXVariantGroup;
			children = (
				B231CCF7252537D900EA4DBD /* Base */,
			);
			name = LaunchScreen.storyboard;
			sourceTree = "<group>";
		};
/* End PBXVariantGroup section */

/* Begin XCBuildConfiguration section */
		B231CD10252537D900EA4DBD /* Debug */ = {
			isa = XCBuildConfiguration;
			buildSettings = {
				ALWAYS_SEARCH_USER_PATHS = NO;
				CLANG_ANALYZER_NONNULL = YES;
				CLANG_ANALYZER_NUMBER_OBJECT_CONVERSION = YES_AGGRESSIVE;
				CLANG_CXX_LANGUAGE_STANDARD = "gnu++14";
				CLANG_CXX_LIBRARY = "libc++";
				CLANG_ENABLE_MODULES = YES;
				CLANG_ENABLE_OBJC_ARC = YES;
				CLANG_ENABLE_OBJC_WEAK = YES;
				CLANG_WARN_BLOCK_CAPTURE_AUTORELEASING = YES;
				CLANG_WARN_BOOL_CONVERSION = YES;
				CLANG_WARN_COMMA = YES;
				CLANG_WARN_CONSTANT_CONVERSION = YES;
				CLANG_WARN_DEPRECATED_OBJC_IMPLEMENTATIONS = YES;
				CLANG_WARN_DIRECT_OBJC_ISA_USAGE = YES_ERROR;
				CLANG_WARN_DOCUMENTATION_COMMENTS = YES;
				CLANG_WARN_EMPTY_BODY = YES;
				CLANG_WARN_ENUM_CONVERSION = YES;
				CLANG_WARN_INFINITE_RECURSION = YES;
				CLANG_WARN_INT_CONVERSION = YES;
				CLANG_WARN_NON_LITERAL_NULL_CONVERSION = YES;
				CLANG_WARN_OBJC_IMPLICIT_RETAIN_SELF = YES;
				CLANG_WARN_OBJC_LITERAL_CONVERSION = YES;
				CLANG_WARN_OBJC_ROOT_CLASS = YES_ERROR;
				CLANG_WARN_RANGE_LOOP_ANALYSIS = YES;
				CLANG_WARN_STRICT_PROTOTYPES = YES;
				CLANG_WARN_SUSPICIOUS_MOVE = YES;
				CLANG_WARN_UNGUARDED_AVAILABILITY = YES_AGGRESSIVE;
				CLANG_WARN_UNREACHABLE_CODE = YES;
				CLANG_WARN__DUPLICATE_METHOD_MATCH = YES;
				COPY_PHASE_STRIP = NO;
				DEBUG_INFORMATION_FORMAT = dwarf;
				ENABLE_STRICT_OBJC_MSGSEND = YES;
				ENABLE_TESTABILITY = YES;
				GCC_C_LANGUAGE_STANDARD = gnu11;
				GCC_DYNAMIC_NO_PIC = NO;
				GCC_NO_COMMON_BLOCKS = YES;
				GCC_OPTIMIZATION_LEVEL = 0;
				GCC_PREPROCESSOR_DEFINITIONS = (
					"DEBUG=1",
					"$(inherited)",
				);
				GCC_WARN_64_TO_32_BIT_CONVERSION = YES;
				GCC_WARN_ABOUT_RETURN_TYPE = YES_ERROR;
				GCC_WARN_UNDECLARED_SELECTOR = YES;
				GCC_WARN_UNINITIALIZED_AUTOS = YES_AGGRESSIVE;
				GCC_WARN_UNUSED_FUNCTION = YES;
				GCC_WARN_UNUSED_VARIABLE = YES;
				IPHONEOS_DEPLOYMENT_TARGET = 13.7;
				MTL_ENABLE_DEBUG_INFO = INCLUDE_SOURCE;
				MTL_FAST_MATH = YES;
				ONLY_ACTIVE_ARCH = YES;
				SDKROOT = iphoneos;
				SWIFT_ACTIVE_COMPILATION_CONDITIONS = DEBUG;
				SWIFT_OPTIMIZATION_LEVEL = "-Onone";
			};
			name = Debug;
		};
		B231CD11252537D900EA4DBD /* Release */ = {
			isa = XCBuildConfiguration;
			buildSettings = {
				ALWAYS_SEARCH_USER_PATHS = NO;
				CLANG_ANALYZER_NONNULL = YES;
				CLANG_ANALYZER_NUMBER_OBJECT_CONVERSION = YES_AGGRESSIVE;
				CLANG_CXX_LANGUAGE_STANDARD = "gnu++14";
				CLANG_CXX_LIBRARY = "libc++";
				CLANG_ENABLE_MODULES = YES;
				CLANG_ENABLE_OBJC_ARC = YES;
				CLANG_ENABLE_OBJC_WEAK = YES;
				CLANG_WARN_BLOCK_CAPTURE_AUTORELEASING = YES;
				CLANG_WARN_BOOL_CONVERSION = YES;
				CLANG_WARN_COMMA = YES;
				CLANG_WARN_CONSTANT_CONVERSION = YES;
				CLANG_WARN_DEPRECATED_OBJC_IMPLEMENTATIONS = YES;
				CLANG_WARN_DIRECT_OBJC_ISA_USAGE = YES_ERROR;
				CLANG_WARN_DOCUMENTATION_COMMENTS = YES;
				CLANG_WARN_EMPTY_BODY = YES;
				CLANG_WARN_ENUM_CONVERSION = YES;
				CLANG_WARN_INFINITE_RECURSION = YES;
				CLANG_WARN_INT_CONVERSION = YES;
				CLANG_WARN_NON_LITERAL_NULL_CONVERSION = YES;
				CLANG_WARN_OBJC_IMPLICIT_RETAIN_SELF = YES;
				CLANG_WARN_OBJC_LITERAL_CONVERSION = YES;
				CLANG_WARN_OBJC_ROOT_CLASS = YES_ERROR;
				CLANG_WARN_RANGE_LOOP_ANALYSIS = YES;
				CLANG_WARN_STRICT_PROTOTYPES = YES;
				CLANG_WARN_SUSPICIOUS_MOVE = YES;
				CLANG_WARN_UNGUARDED_AVAILABILITY = YES_AGGRESSIVE;
				CLANG_WARN_UNREACHABLE_CODE = YES;
				CLANG_WARN__DUPLICATE_METHOD_MATCH = YES;
				COPY_PHASE_STRIP = NO;
				DEBUG_INFORMATION_FORMAT = "dwarf-with-dsym";
				ENABLE_NS_ASSERTIONS = NO;
				ENABLE_STRICT_OBJC_MSGSEND = YES;
				GCC_C_LANGUAGE_STANDARD = gnu11;
				GCC_NO_COMMON_BLOCKS = YES;
				GCC_WARN_64_TO_32_BIT_CONVERSION = YES;
				GCC_WARN_ABOUT_RETURN_TYPE = YES_ERROR;
				GCC_WARN_UNDECLARED_SELECTOR = YES;
				GCC_WARN_UNINITIALIZED_AUTOS = YES_AGGRESSIVE;
				GCC_WARN_UNUSED_FUNCTION = YES;
				GCC_WARN_UNUSED_VARIABLE = YES;
				IPHONEOS_DEPLOYMENT_TARGET = 13.7;
				MTL_ENABLE_DEBUG_INFO = NO;
				MTL_FAST_MATH = YES;
				SDKROOT = iphoneos;
				SWIFT_COMPILATION_MODE = wholemodule;
				SWIFT_OPTIMIZATION_LEVEL = "-O";
				VALIDATE_PRODUCT = YES;
			};
			name = Release;
		};
		B231CD13252537D900EA4DBD /* Debug */ = {
			isa = XCBuildConfiguration;
			buildSettings = {
				ASSETCATALOG_COMPILER_APPICON_NAME = AppIcon;
				CODE_SIGN_STYLE = Automatic;
				DEVELOPMENT_TEAM = N8TGLP7Q94;
				INFOPLIST_FILE = StopLight/Info.plist;
				LD_RUNPATH_SEARCH_PATHS = (
					"$(inherited)",
					"@executable_path/Frameworks",
				);
				PRODUCT_BUNDLE_IDENTIFIER = com.sf.StopLight;
				PRODUCT_NAME = "$(TARGET_NAME)";
				SWIFT_VERSION = 5.0;
				TARGETED_DEVICE_FAMILY = "1,2";
			};
			name = Debug;
		};
		B231CD14252537D900EA4DBD /* Release */ = {
			isa = XCBuildConfiguration;
			buildSettings = {
				ASSETCATALOG_COMPILER_APPICON_NAME = AppIcon;
				CODE_SIGN_STYLE = Automatic;
				DEVELOPMENT_TEAM = N8TGLP7Q94;
				INFOPLIST_FILE = StopLight/Info.plist;
				LD_RUNPATH_SEARCH_PATHS = (
					"$(inherited)",
					"@executable_path/Frameworks",
				);
				PRODUCT_BUNDLE_IDENTIFIER = com.sf.StopLight;
				PRODUCT_NAME = "$(TARGET_NAME)";
				SWIFT_VERSION = 5.0;
				TARGETED_DEVICE_FAMILY = "1,2";
			};
			name = Release;
		};
		B231CD16252537D900EA4DBD /* Debug */ = {
			isa = XCBuildConfiguration;
			buildSettings = {
				ALWAYS_EMBED_SWIFT_STANDARD_LIBRARIES = YES;
				BUNDLE_LOADER = "$(TEST_HOST)";
				CODE_SIGN_STYLE = Automatic;
				DEVELOPMENT_TEAM = 6FDH9RHXZJ;
				INFOPLIST_FILE = StopLightTests/Info.plist;
				IPHONEOS_DEPLOYMENT_TARGET = 13.7;
				LD_RUNPATH_SEARCH_PATHS = (
					"$(inherited)",
					"@executable_path/Frameworks",
					"@loader_path/Frameworks",
				);
				PRODUCT_BUNDLE_IDENTIFIER = com.sf.StopLightTests;
				PRODUCT_NAME = "$(TARGET_NAME)";
				SWIFT_VERSION = 5.0;
				TARGETED_DEVICE_FAMILY = "1,2";
				TEST_HOST = "$(BUILT_PRODUCTS_DIR)/StopLight.app/StopLight";
			};
			name = Debug;
		};
		B231CD17252537D900EA4DBD /* Release */ = {
			isa = XCBuildConfiguration;
			buildSettings = {
				ALWAYS_EMBED_SWIFT_STANDARD_LIBRARIES = YES;
				BUNDLE_LOADER = "$(TEST_HOST)";
				CODE_SIGN_STYLE = Automatic;
				DEVELOPMENT_TEAM = 6FDH9RHXZJ;
				INFOPLIST_FILE = StopLightTests/Info.plist;
				IPHONEOS_DEPLOYMENT_TARGET = 13.7;
				LD_RUNPATH_SEARCH_PATHS = (
					"$(inherited)",
					"@executable_path/Frameworks",
					"@loader_path/Frameworks",
				);
				PRODUCT_BUNDLE_IDENTIFIER = com.sf.StopLightTests;
				PRODUCT_NAME = "$(TARGET_NAME)";
				SWIFT_VERSION = 5.0;
				TARGETED_DEVICE_FAMILY = "1,2";
				TEST_HOST = "$(BUILT_PRODUCTS_DIR)/StopLight.app/StopLight";
			};
			name = Release;
		};
		B231CD19252537D900EA4DBD /* Debug */ = {
			isa = XCBuildConfiguration;
			buildSettings = {
				ALWAYS_EMBED_SWIFT_STANDARD_LIBRARIES = YES;
				CODE_SIGN_STYLE = Automatic;
				DEVELOPMENT_TEAM = 6FDH9RHXZJ;
				INFOPLIST_FILE = StopLightUITests/Info.plist;
				LD_RUNPATH_SEARCH_PATHS = (
					"$(inherited)",
					"@executable_path/Frameworks",
					"@loader_path/Frameworks",
				);
				PRODUCT_BUNDLE_IDENTIFIER = com.sf.StopLightUITests;
				PRODUCT_NAME = "$(TARGET_NAME)";
				SWIFT_VERSION = 5.0;
				TARGETED_DEVICE_FAMILY = "1,2";
				TEST_TARGET_NAME = StopLight;
			};
			name = Debug;
		};
		B231CD1A252537D900EA4DBD /* Release */ = {
			isa = XCBuildConfiguration;
			buildSettings = {
				ALWAYS_EMBED_SWIFT_STANDARD_LIBRARIES = YES;
				CODE_SIGN_STYLE = Automatic;
				DEVELOPMENT_TEAM = 6FDH9RHXZJ;
				INFOPLIST_FILE = StopLightUITests/Info.plist;
				LD_RUNPATH_SEARCH_PATHS = (
					"$(inherited)",
					"@executable_path/Frameworks",
					"@loader_path/Frameworks",
				);
				PRODUCT_BUNDLE_IDENTIFIER = com.sf.StopLightUITests;
				PRODUCT_NAME = "$(TARGET_NAME)";
				SWIFT_VERSION = 5.0;
				TARGETED_DEVICE_FAMILY = "1,2";
				TEST_TARGET_NAME = StopLight;
			};
			name = Release;
		};
/* End XCBuildConfiguration section */

/* Begin XCConfigurationList section */
		B231CCE3252537D600EA4DBD /* Build configuration list for PBXProject "StopLight" */ = {
			isa = XCConfigurationList;
			buildConfigurations = (
				B231CD10252537D900EA4DBD /* Debug */,
				B231CD11252537D900EA4DBD /* Release */,
			);
			defaultConfigurationIsVisible = 0;
			defaultConfigurationName = Release;
		};
		B231CD12252537D900EA4DBD /* Build configuration list for PBXNativeTarget "StopLight" */ = {
			isa = XCConfigurationList;
			buildConfigurations = (
				B231CD13252537D900EA4DBD /* Debug */,
				B231CD14252537D900EA4DBD /* Release */,
			);
			defaultConfigurationIsVisible = 0;
			defaultConfigurationName = Release;
		};
		B231CD15252537D900EA4DBD /* Build configuration list for PBXNativeTarget "StopLightTests" */ = {
			isa = XCConfigurationList;
			buildConfigurations = (
				B231CD16252537D900EA4DBD /* Debug */,
				B231CD17252537D900EA4DBD /* Release */,
			);
			defaultConfigurationIsVisible = 0;
			defaultConfigurationName = Release;
		};
		B231CD18252537D900EA4DBD /* Build configuration list for PBXNativeTarget "StopLightUITests" */ = {
			isa = XCConfigurationList;
			buildConfigurations = (
				B231CD19252537D900EA4DBD /* Debug */,
				B231CD1A252537D900EA4DBD /* Release */,
			);
			defaultConfigurationIsVisible = 0;
			defaultConfigurationName = Release;
		};
/* End XCConfigurationList section */
	};
	rootObject = B231CCE0252537D600EA4DBD /* Project object */;
}
